
Microsoft Visual Studio Solution File, Format Version 12.00
# Visual Studio 15
VisualStudioVersion = 15.0.26124.0
MinimumVisualStudioVersion = 15.0.26124.0
Project("{FAE04EC0-301F-11D3-BF4B-00C04F79EFBC}") = "R5T.York.Standard.Construction", "R5T.York.Standard.Construction\R5T.York.Standard.Construction.csproj", "{9AD880C6-E5B4-4485-99D3-4F0D261C32F8}"
EndProject
Project("{FAE04EC0-301F-11D3-BF4B-00C04F79EFBC}") = "R5T.York.Standard", "R5T.York.Standard\R5T.York.Standard.csproj", "{8D2DD61D-211A-4D7F-A743-5AA99B176CB3}"
EndProject
Project("{FAE04EC0-301F-11D3-BF4B-00C04F79EFBC}") = "R5T.York.Standard.Testing", "R5T.York.Standard.Testing\R5T.York.Standard.Testing.csproj", "{023FE283-E1A4-4DA7-94A5-D485C6EF885B}"
EndProject
Global
	GlobalSection(SolutionConfigurationPlatforms) = preSolution
		Debug|Any CPU = Debug|Any CPU
		Debug|x64 = Debug|x64
		Debug|x86 = Debug|x86
		Release|Any CPU = Release|Any CPU
		Release|x64 = Release|x64
		Release|x86 = Release|x86
	EndGlobalSection
	GlobalSection(SolutionProperties) = preSolution
		HideSolutionNode = FALSE
	EndGlobalSection
	GlobalSection(ProjectConfigurationPlatforms) = postSolution
		{9AD880C6-E5B4-4485-99D3-4F0D261C32F8}.Debug|Any CPU.ActiveCfg = Debug|Any CPU
		{9AD880C6-E5B4-4485-99D3-4F0D261C32F8}.Debug|Any CPU.Build.0 = Debug|Any CPU
		{9AD880C6-E5B4-4485-99D3-4F0D261C32F8}.Debug|x64.ActiveCfg = Debug|Any CPU
		{9AD880C6-E5B4-4485-99D3-4F0D261C32F8}.Debug|x64.Build.0 = Debug|Any CPU
		{9AD880C6-E5B4-4485-99D3-4F0D261C32F8}.Debug|x86.ActiveCfg = Debug|Any CPU
		{9AD880C6-E5B4-4485-99D3-4F0D261C32F8}.Debug|x86.Build.0 = Debug|Any CPU
		{9AD880C6-E5B4-4485-99D3-4F0D261C32F8}.Release|Any CPU.ActiveCfg = Release|Any CPU
		{9AD880C6-E5B4-4485-99D3-4F0D261C32F8}.Release|Any CPU.Build.0 = Release|Any CPU
		{9AD880C6-E5B4-4485-99D3-4F0D261C32F8}.Release|x64.ActiveCfg = Release|Any CPU
		{9AD880C6-E5B4-4485-99D3-4F0D261C32F8}.Release|x64.Build.0 = Release|Any CPU
		{9AD880C6-E5B4-4485-99D3-4F0D261C32F8}.Release|x86.ActiveCfg = Release|Any CPU
		{9AD880C6-E5B4-4485-99D3-4F0D261C32F8}.Release|x86.Build.0 = Release|Any CPU
		{8D2DD61D-211A-4D7F-A743-5AA99B176CB3}.Debug|Any CPU.ActiveCfg = Debug|Any CPU
		{8D2DD61D-211A-4D7F-A743-5AA99B176CB3}.Debug|Any CPU.Build.0 = Debug|Any CPU
		{8D2DD61D-211A-4D7F-A743-5AA99B176CB3}.Debug|x64.ActiveCfg = Debug|Any CPU
		{8D2DD61D-211A-4D7F-A743-5AA99B176CB3}.Debug|x64.Build.0 = Debug|Any CPU
		{8D2DD61D-211A-4D7F-A743-5AA99B176CB3}.Debug|x86.ActiveCfg = Debug|Any CPU
		{8D2DD61D-211A-4D7F-A743-5AA99B176CB3}.Debug|x86.Build.0 = Debug|Any CPU
		{8D2DD61D-211A-4D7F-A743-5AA99B176CB3}.Release|Any CPU.ActiveCfg = Release|Any CPU
		{8D2DD61D-211A-4D7F-A743-5AA99B176CB3}.Release|Any CPU.Build.0 = Release|Any CPU
		{8D2DD61D-211A-4D7F-A743-5AA99B176CB3}.Release|x64.ActiveCfg = Release|Any CPU
		{8D2DD61D-211A-4D7F-A743-5AA99B176CB3}.Release|x64.Build.0 = Release|Any CPU
		{8D2DD61D-211A-4D7F-A743-5AA99B176CB3}.Release|x86.ActiveCfg = Release|Any CPU
		{8D2DD61D-211A-4D7F-A743-5AA99B176CB3}.Release|x86.Build.0 = Release|Any CPU
		{023FE283-E1A4-4DA7-94A5-D485C6EF885B}.Debug|Any CPU.ActiveCfg = Debug|Any CPU
		{023FE283-E1A4-4DA7-94A5-D485C6EF885B}.Debug|Any CPU.Build.0 = Debug|Any CPU
		{023FE283-E1A4-4DA7-94A5-D485C6EF885B}.Debug|x64.ActiveCfg = Debug|Any CPU
		{023FE283-E1A4-4DA7-94A5-D485C6EF885B}.Debug|x64.Build.0 = Debug|Any CPU
		{023FE283-E1A4-4DA7-94A5-D485C6EF885B}.Debug|x86.ActiveCfg = Debug|Any CPU
		{023FE283-E1A4-4DA7-94A5-D485C6EF885B}.Debug|x86.Build.0 = Debug|Any CPU
		{023FE283-E1A4-4DA7-94A5-D485C6EF885B}.Release|Any CPU.ActiveCfg = Release|Any CPU
		{023FE283-E1A4-4DA7-94A5-D485C6EF885B}.Release|Any CPU.Build.0 = Release|Any CPU
		{023FE283-E1A4-4DA7-94A5-D485C6EF885B}.Release|x64.ActiveCfg = Release|Any CPU
		{023FE283-E1A4-4DA7-94A5-D485C6EF885B}.Release|x64.Build.0 = Release|Any CPU
		{023FE283-E1A4-4DA7-94A5-D485C6EF885B}.Release|x86.ActiveCfg = Release|Any CPU
		{023FE283-E1A4-4DA7-94A5-D485C6EF885B}.Release|x86.Build.0 = Release|Any CPU
	EndGlobalSection
EndGlobal
